
Microsoft Visual Studio Solution File, Format Version 12.00
# Visual Studio Version 17
VisualStudioVersion = 17.7.34202.233
MinimumVisualStudioVersion = 10.0.40219.1
Project("{FAE04EC0-301F-11D3-BF4B-00C04F79EFBC}") = "LinkedOut", "LinkedOut\LinkedOut.csproj", "{81DF8D40-899D-4FF6-BFC3-268CA59BEC37}"
EndProject
Project("{FAE04EC0-301F-11D3-BF4B-00C04F79EFBC}") = "LinkedOut.Tests", "LinkedOut.Tests\LinkedOut.Tests.csproj", "{CE19D0DA-9E35-4B0B-91FC-D2344275B89C}"
EndProject
Global
	GlobalSection(SolutionConfigurationPlatforms) = preSolution
		Debug|Any CPU = Debug|Any CPU
		Release|Any CPU = Release|Any CPU
	EndGlobalSection
	GlobalSection(ProjectConfigurationPlatforms) = postSolution
		{81DF8D40-899D-4FF6-BFC3-268CA59BEC37}.Debug|Any CPU.ActiveCfg = Debug|Any CPU
		{81DF8D40-899D-4FF6-BFC3-268CA59BEC37}.Debug|Any CPU.Build.0 = Debug|Any CPU
		{81DF8D40-899D-4FF6-BFC3-268CA59BEC37}.Release|Any CPU.ActiveCfg = Release|Any CPU
		{81DF8D40-899D-4FF6-BFC3-268CA59BEC37}.Release|Any CPU.Build.0 = Release|Any CPU
		{CE19D0DA-9E35-4B0B-91FC-D2344275B89C}.Debug|Any CPU.ActiveCfg = Debug|Any CPU
		{CE19D0DA-9E35-4B0B-91FC-D2344275B89C}.Debug|Any CPU.Build.0 = Debug|Any CPU
		{CE19D0DA-9E35-4B0B-91FC-D2344275B89C}.Release|Any CPU.ActiveCfg = Release|Any CPU
		{CE19D0DA-9E35-4B0B-91FC-D2344275B89C}.Release|Any CPU.Build.0 = Release|Any CPU
	EndGlobalSection
	GlobalSection(SolutionProperties) = preSolution
		HideSolutionNode = FALSE
	EndGlobalSection
	GlobalSection(ExtensibilityGlobals) = postSolution
		SolutionGuid = {F6D1EA45-ABAD-4F6E-BEC8-A34A9572BE65}
	EndGlobalSection
EndGlobal
